
Microsoft Visual Studio Solution File, Format Version 12.00
# Visual Studio Version 17
VisualStudioVersion = 17.5.002.0
MinimumVisualStudioVersion = 10.0.40219.1
Project("{2150E333-8FDC-42A3-9474-1A3956D46DE8}") = "HW", "HW", "{DCA226F9-3C58-47CE-BC1B-67576F375D6A}"
EndProject
Project("{9A19103F-16F7-4668-BE54-9A1E7A4F7556}") = "01", "HW\01\01.csproj", "{612CCC0E-C93D-40C1-BFB8-6F4CD2464296}"
EndProject
Project("{9A19103F-16F7-4668-BE54-9A1E7A4F7556}") = "02", "HW\02\02.csproj", "{A0402114-2DFA-4F58-92B8-0BC23D9B08C9}"
EndProject
Project("{9A19103F-16F7-4668-BE54-9A1E7A4F7556}") = "03", "HW\03\03.csproj", "{F0BEA46D-7933-48C2-AA95-98DB928AF376}"
EndProject
Project("{2150E333-8FDC-42A3-9474-1A3956D46DE8}") = "Seminar", "Seminar", "{B298C57A-93FB-4DE9-8CA6-B01A91A9592F}"
EndProject
Project("{9A19103F-16F7-4668-BE54-9A1E7A4F7556}") = "01", "Seminar\01\01.csproj", "{F4D17F82-EABC-4BB1-BFEB-4E3F4347381F}"
EndProject
Project("{9A19103F-16F7-4668-BE54-9A1E7A4F7556}") = "02", "Seminar\02\02.csproj", "{74917AC4-43C4-4081-AA61-6ADD1FDC5AC5}"
EndProject
Project("{9A19103F-16F7-4668-BE54-9A1E7A4F7556}") = "03", "Seminar\03\03.csproj", "{1630F20D-3FE5-4535-B6DE-38C67E687E61}"
EndProject
Project("{9A19103F-16F7-4668-BE54-9A1E7A4F7556}") = "04", "Seminar\04\04.csproj", "{38A02D48-0263-4531-85E6-2982E050336E}"
EndProject
Project("{9A19103F-16F7-4668-BE54-9A1E7A4F7556}") = "05", "Seminar\05\05.csproj", "{4E56C0D5-7F77-475B-BFF6-841BF9B40D7D}"
EndProject
Project("{9A19103F-16F7-4668-BE54-9A1E7A4F7556}") = "06", "Seminar\06\06.csproj", "{95533912-5CD1-43FE-B58E-5D70CAC52A80}"
EndProject
Project("{9A19103F-16F7-4668-BE54-9A1E7A4F7556}") = "07", "Seminar\07\07.csproj", "{5F096A9C-3788-4183-876F-DC1E10E71AA1}"
EndProject
Global
	GlobalSection(SolutionConfigurationPlatforms) = preSolution
		Debug|Any CPU = Debug|Any CPU
		Release|Any CPU = Release|Any CPU
	EndGlobalSection
	GlobalSection(ProjectConfigurationPlatforms) = postSolution
		{612CCC0E-C93D-40C1-BFB8-6F4CD2464296}.Debug|Any CPU.ActiveCfg = Debug|Any CPU
		{612CCC0E-C93D-40C1-BFB8-6F4CD2464296}.Debug|Any CPU.Build.0 = Debug|Any CPU
		{612CCC0E-C93D-40C1-BFB8-6F4CD2464296}.Release|Any CPU.ActiveCfg = Release|Any CPU
		{612CCC0E-C93D-40C1-BFB8-6F4CD2464296}.Release|Any CPU.Build.0 = Release|Any CPU
		{A0402114-2DFA-4F58-92B8-0BC23D9B08C9}.Debug|Any CPU.ActiveCfg = Debug|Any CPU
		{A0402114-2DFA-4F58-92B8-0BC23D9B08C9}.Debug|Any CPU.Build.0 = Debug|Any CPU
		{A0402114-2DFA-4F58-92B8-0BC23D9B08C9}.Release|Any CPU.ActiveCfg = Release|Any CPU
		{A0402114-2DFA-4F58-92B8-0BC23D9B08C9}.Release|Any CPU.Build.0 = Release|Any CPU
		{F0BEA46D-7933-48C2-AA95-98DB928AF376}.Debug|Any CPU.ActiveCfg = Debug|Any CPU
		{F0BEA46D-7933-48C2-AA95-98DB928AF376}.Debug|Any CPU.Build.0 = Debug|Any CPU
		{F0BEA46D-7933-48C2-AA95-98DB928AF376}.Release|Any CPU.ActiveCfg = Release|Any CPU
		{F0BEA46D-7933-48C2-AA95-98DB928AF376}.Release|Any CPU.Build.0 = Release|Any CPU
		{F4D17F82-EABC-4BB1-BFEB-4E3F4347381F}.Debug|Any CPU.ActiveCfg = Debug|Any CPU
		{F4D17F82-EABC-4BB1-BFEB-4E3F4347381F}.Debug|Any CPU.Build.0 = Debug|Any CPU
		{F4D17F82-EABC-4BB1-BFEB-4E3F4347381F}.Release|Any CPU.ActiveCfg = Release|Any CPU
		{F4D17F82-EABC-4BB1-BFEB-4E3F4347381F}.Release|Any CPU.Build.0 = Release|Any CPU
		{74917AC4-43C4-4081-AA61-6ADD1FDC5AC5}.Debug|Any CPU.ActiveCfg = Debug|Any CPU
		{74917AC4-43C4-4081-AA61-6ADD1FDC5AC5}.Debug|Any CPU.Build.0 = Debug|Any CPU
		{74917AC4-43C4-4081-AA61-6ADD1FDC5AC5}.Release|Any CPU.ActiveCfg = Release|Any CPU
		{74917AC4-43C4-4081-AA61-6ADD1FDC5AC5}.Release|Any CPU.Build.0 = Release|Any CPU
		{1630F20D-3FE5-4535-B6DE-38C67E687E61}.Debug|Any CPU.ActiveCfg = Debug|Any CPU
		{1630F20D-3FE5-4535-B6DE-38C67E687E61}.Debug|Any CPU.Build.0 = Debug|Any CPU
		{1630F20D-3FE5-4535-B6DE-38C67E687E61}.Release|Any CPU.ActiveCfg = Release|Any CPU
		{1630F20D-3FE5-4535-B6DE-38C67E687E61}.Release|Any CPU.Build.0 = Release|Any CPU
		{38A02D48-0263-4531-85E6-2982E050336E}.Debug|Any CPU.ActiveCfg = Debug|Any CPU
		{38A02D48-0263-4531-85E6-2982E050336E}.Debug|Any CPU.Build.0 = Debug|Any CPU
		{38A02D48-0263-4531-85E6-2982E050336E}.Release|Any CPU.ActiveCfg = Release|Any CPU
		{38A02D48-0263-4531-85E6-2982E050336E}.Release|Any CPU.Build.0 = Release|Any CPU
		{4E56C0D5-7F77-475B-BFF6-841BF9B40D7D}.Debug|Any CPU.ActiveCfg = Debug|Any CPU
		{4E56C0D5-7F77-475B-BFF6-841BF9B40D7D}.Debug|Any CPU.Build.0 = Debug|Any CPU
		{4E56C0D5-7F77-475B-BFF6-841BF9B40D7D}.Release|Any CPU.ActiveCfg = Release|Any CPU
		{4E56C0D5-7F77-475B-BFF6-841BF9B40D7D}.Release|Any CPU.Build.0 = Release|Any CPU
		{95533912-5CD1-43FE-B58E-5D70CAC52A80}.Debug|Any CPU.ActiveCfg = Debug|Any CPU
		{95533912-5CD1-43FE-B58E-5D70CAC52A80}.Debug|Any CPU.Build.0 = Debug|Any CPU
		{95533912-5CD1-43FE-B58E-5D70CAC52A80}.Release|Any CPU.ActiveCfg = Release|Any CPU
		{95533912-5CD1-43FE-B58E-5D70CAC52A80}.Release|Any CPU.Build.0 = Release|Any CPU
		{5F096A9C-3788-4183-876F-DC1E10E71AA1}.Debug|Any CPU.ActiveCfg = Debug|Any CPU
		{5F096A9C-3788-4183-876F-DC1E10E71AA1}.Debug|Any CPU.Build.0 = Debug|Any CPU
		{5F096A9C-3788-4183-876F-DC1E10E71AA1}.Release|Any CPU.ActiveCfg = Release|Any CPU
		{5F096A9C-3788-4183-876F-DC1E10E71AA1}.Release|Any CPU.Build.0 = Release|Any CPU
	EndGlobalSection
	GlobalSection(SolutionProperties) = preSolution
		HideSolutionNode = FALSE
	EndGlobalSection
	GlobalSection(NestedProjects) = preSolution
		{612CCC0E-C93D-40C1-BFB8-6F4CD2464296} = {DCA226F9-3C58-47CE-BC1B-67576F375D6A}
		{A0402114-2DFA-4F58-92B8-0BC23D9B08C9} = {DCA226F9-3C58-47CE-BC1B-67576F375D6A}
		{F0BEA46D-7933-48C2-AA95-98DB928AF376} = {DCA226F9-3C58-47CE-BC1B-67576F375D6A}
		{F4D17F82-EABC-4BB1-BFEB-4E3F4347381F} = {B298C57A-93FB-4DE9-8CA6-B01A91A9592F}
		{74917AC4-43C4-4081-AA61-6ADD1FDC5AC5} = {B298C57A-93FB-4DE9-8CA6-B01A91A9592F}
		{1630F20D-3FE5-4535-B6DE-38C67E687E61} = {B298C57A-93FB-4DE9-8CA6-B01A91A9592F}
		{38A02D48-0263-4531-85E6-2982E050336E} = {B298C57A-93FB-4DE9-8CA6-B01A91A9592F}
		{4E56C0D5-7F77-475B-BFF6-841BF9B40D7D} = {B298C57A-93FB-4DE9-8CA6-B01A91A9592F}
		{95533912-5CD1-43FE-B58E-5D70CAC52A80} = {B298C57A-93FB-4DE9-8CA6-B01A91A9592F}
		{5F096A9C-3788-4183-876F-DC1E10E71AA1} = {B298C57A-93FB-4DE9-8CA6-B01A91A9592F}
	EndGlobalSection
	GlobalSection(ExtensibilityGlobals) = postSolution
		SolutionGuid = {4BFAEDF5-92E8-4A90-9C3D-11C80F9ED0AA}
	EndGlobalSection
EndGlobal
